// !$*UTF8*$!
{
	archiveVersion = 1;
	classes = {
	};
	objectVersion = 56;
	objects = {

/* Begin PBXBuildFile section */
		46BDF27029BC63BC0028DEBF /* AllDone01App.swift in Sources */ = {isa = PBXBuildFile; fileRef = 46BDF26F29BC63BC0028DEBF /* AllDone01App.swift */; };
		46BDF27229BC63BC0028DEBF /* ContentView.swift in Sources */ = {isa = PBXBuildFile; fileRef = 46BDF27129BC63BC0028DEBF /* ContentView.swift */; };
		46BDF27429BC63BE0028DEBF /* Assets.xcassets in Resources */ = {isa = PBXBuildFile; fileRef = 46BDF27329BC63BE0028DEBF /* Assets.xcassets */; };
		46BDF27729BC63BE0028DEBF /* Preview Assets.xcassets in Resources */ = {isa = PBXBuildFile; fileRef = 46BDF27629BC63BE0028DEBF /* Preview Assets.xcassets */; };
		46BDF28129BC63BE0028DEBF /* AllDone01Tests.swift in Sources */ = {isa = PBXBuildFile; fileRef = 46BDF28029BC63BE0028DEBF /* AllDone01Tests.swift */; };
		46BDF28B29BC63BE0028DEBF /* AllDone01UITests.swift in Sources */ = {isa = PBXBuildFile; fileRef = 46BDF28A29BC63BE0028DEBF /* AllDone01UITests.swift */; };
		46BDF28D29BC63BE0028DEBF /* AllDone01UITestsLaunchTests.swift in Sources */ = {isa = PBXBuildFile; fileRef = 46BDF28C29BC63BE0028DEBF /* AllDone01UITestsLaunchTests.swift */; };
		46BDF29D29BC74C00028DEBF /* LoginView.swift in Sources */ = {isa = PBXBuildFile; fileRef = 46BDF29C29BC74C00028DEBF /* LoginView.swift */; };
		46BDF2A229BC75720028DEBF /* SignupView.swift in Sources */ = {isa = PBXBuildFile; fileRef = 46BDF2A129BC75720028DEBF /* SignupView.swift */; };
		46BDF2A429BC76FE0028DEBF /* BackgroundGradientView.swift in Sources */ = {isa = PBXBuildFile; fileRef = 46BDF2A329BC76FE0028DEBF /* BackgroundGradientView.swift */; };
		46BDF2A629BC79AC0028DEBF /* LogoView.swift in Sources */ = {isa = PBXBuildFile; fileRef = 46BDF2A529BC79AC0028DEBF /* LogoView.swift */; };
		46BDF2A829BC7DDE0028DEBF /* CustomTextField.swift in Sources */ = {isa = PBXBuildFile; fileRef = 46BDF2A729BC7DDE0028DEBF /* CustomTextField.swift */; };
		46BDF2AD29BC84C30028DEBF /* EmailTextField.swift in Sources */ = {isa = PBXBuildFile; fileRef = 46BDF2AC29BC84C30028DEBF /* EmailTextField.swift */; };
		46BDF2AF29BC884D0028DEBF /* CustomSecureField.swift in Sources */ = {isa = PBXBuildFile; fileRef = 46BDF2AE29BC884D0028DEBF /* CustomSecureField.swift */; };
		46BDF2B129BC8DC90028DEBF /* PasswordSecureField.swift in Sources */ = {isa = PBXBuildFile; fileRef = 46BDF2B029BC8DC90028DEBF /* PasswordSecureField.swift */; };
		46BDF2B329BC93570028DEBF /* AuthenticateButtonView.swift in Sources */ = {isa = PBXBuildFile; fileRef = 46BDF2B229BC93570028DEBF /* AuthenticateButtonView.swift */; };
		46BDF2B529BC9AC60028DEBF /* UserTextField.swift in Sources */ = {isa = PBXBuildFile; fileRef = 46BDF2B429BC9AC60028DEBF /* UserTextField.swift */; };
		46BDF2B729BCB2460028DEBF /* GoogleService-Info.plist in Resources */ = {isa = PBXBuildFile; fileRef = 46BDF2B629BCB2450028DEBF /* GoogleService-Info.plist */; };
		46BDF2BA29BCBF0C0028DEBF /* FirebaseAnalytics in Frameworks */ = {isa = PBXBuildFile; productRef = 46BDF2B929BCBF0C0028DEBF /* FirebaseAnalytics */; };
		46BDF2BC29BCBF0C0028DEBF /* FirebaseAnalyticsOnDeviceConversion in Frameworks */ = {isa = PBXBuildFile; productRef = 46BDF2BB29BCBF0C0028DEBF /* FirebaseAnalyticsOnDeviceConversion */; };
		46BDF2BE29BCBF0C0028DEBF /* FirebaseAuth in Frameworks */ = {isa = PBXBuildFile; productRef = 46BDF2BD29BCBF0C0028DEBF /* FirebaseAuth */; };
		46BDF2C029BCBF0C0028DEBF /* FirebaseCrashlytics in Frameworks */ = {isa = PBXBuildFile; productRef = 46BDF2BF29BCBF0C0028DEBF /* FirebaseCrashlytics */; };
		46BDF2C229BCBF0C0028DEBF /* FirebaseDatabase in Frameworks */ = {isa = PBXBuildFile; productRef = 46BDF2C129BCBF0C0028DEBF /* FirebaseDatabase */; };
		46BDF2C429BCBF0C0028DEBF /* FirebaseFirestore in Frameworks */ = {isa = PBXBuildFile; productRef = 46BDF2C329BCBF0C0028DEBF /* FirebaseFirestore */; };
		46BDF2C629BCBF0C0028DEBF /* FirebaseFunctions in Frameworks */ = {isa = PBXBuildFile; productRef = 46BDF2C529BCBF0C0028DEBF /* FirebaseFunctions */; };
		46BDF2C829BCBF0C0028DEBF /* FirebaseStorage in Frameworks */ = {isa = PBXBuildFile; productRef = 46BDF2C729BCBF0C0028DEBF /* FirebaseStorage */; };
		46BDF2CB29BCC7600028DEBF /* Constants.swift in Sources */ = {isa = PBXBuildFile; fileRef = 46BDF2CA29BCC7600028DEBF /* Constants.swift */; };
		46BDF2CD29BCC88C0028DEBF /* AppUser.swift in Sources */ = {isa = PBXBuildFile; fileRef = 46BDF2CC29BCC88C0028DEBF /* AppUser.swift */; };
		46BDF2CF29BCCAEE0028DEBF /* TODO.swift in Sources */ = {isa = PBXBuildFile; fileRef = 46BDF2CE29BCCAEE0028DEBF /* TODO.swift */; };
		46BDF2D129BCCC840028DEBF /* selectedButton.swift in Sources */ = {isa = PBXBuildFile; fileRef = 46BDF2D029BCCC830028DEBF /* selectedButton.swift */; };
		46BDF2D429BCCF690028DEBF /* FirebaseFirestoreSwift in Frameworks */ = {isa = PBXBuildFile; productRef = 46BDF2D329BCCF690028DEBF /* FirebaseFirestoreSwift */; };
		46BDF2D629BCD0EB0028DEBF /* MockData.swift in Sources */ = {isa = PBXBuildFile; fileRef = 46BDF2D529BCD0EA0028DEBF /* MockData.swift */; };
		46BDF2D829BCD29D0028DEBF /* AuthViewModel.swift in Sources */ = {isa = PBXBuildFile; fileRef = 46BDF2D729BCD29D0028DEBF /* AuthViewModel.swift */; };
		46BDF2DA29BCDA2D0028DEBF /* DashboardView.swift in Sources */ = {isa = PBXBuildFile; fileRef = 46BDF2D929BCDA2D0028DEBF /* DashboardView.swift */; };
		46BDF2DC29BEF53C0028DEBF /* TODOViewModel.swift in Sources */ = {isa = PBXBuildFile; fileRef = 46BDF2DB29BEF53C0028DEBF /* TODOViewModel.swift */; };
		46BDF2DE29BEFE360028DEBF /* SearchBarView.swift in Sources */ = {isa = PBXBuildFile; fileRef = 46BDF2DD29BEFE360028DEBF /* SearchBarView.swift */; };
/* End PBXBuildFile section */

/* Begin PBXContainerItemProxy section */
		46BDF27D29BC63BE0028DEBF /* PBXContainerItemProxy */ = {
			isa = PBXContainerItemProxy;
			containerPortal = 46BDF26429BC63BC0028DEBF /* Project object */;
			proxyType = 1;
			remoteGlobalIDString = 46BDF26B29BC63BC0028DEBF;
			remoteInfo = AllDone01;
		};
		46BDF28729BC63BE0028DEBF /* PBXContainerItemProxy */ = {
			isa = PBXContainerItemProxy;
			containerPortal = 46BDF26429BC63BC0028DEBF /* Project object */;
			proxyType = 1;
			remoteGlobalIDString = 46BDF26B29BC63BC0028DEBF;
			remoteInfo = AllDone01;
		};
/* End PBXContainerItemProxy section */

/* Begin PBXFileReference section */
		46BDF26C29BC63BC0028DEBF /* AllDone01.app */ = {isa = PBXFileReference; explicitFileType = wrapper.application; includeInIndex = 0; path = AllDone01.app; sourceTree = BUILT_PRODUCTS_DIR; };
		46BDF26F29BC63BC0028DEBF /* AllDone01App.swift */ = {isa = PBXFileReference; lastKnownFileType = sourcecode.swift; path = AllDone01App.swift; sourceTree = "<group>"; };
		46BDF27129BC63BC0028DEBF /* ContentView.swift */ = {isa = PBXFileReference; lastKnownFileType = sourcecode.swift; path = ContentView.swift; sourceTree = "<group>"; };
		46BDF27329BC63BE0028DEBF /* Assets.xcassets */ = {isa = PBXFileReference; lastKnownFileType = folder.assetcatalog; path = Assets.xcassets; sourceTree = "<group>"; };
		46BDF27629BC63BE0028DEBF /* Preview Assets.xcassets */ = {isa = PBXFileReference; lastKnownFileType = folder.assetcatalog; path = "Preview Assets.xcassets"; sourceTree = "<group>"; };
		46BDF27C29BC63BE0028DEBF /* AllDone01Tests.xctest */ = {isa = PBXFileReference; explicitFileType = wrapper.cfbundle; includeInIndex = 0; path = AllDone01Tests.xctest; sourceTree = BUILT_PRODUCTS_DIR; };
		46BDF28029BC63BE0028DEBF /* AllDone01Tests.swift */ = {isa = PBXFileReference; lastKnownFileType = sourcecode.swift; path = AllDone01Tests.swift; sourceTree = "<group>"; };
		46BDF28629BC63BE0028DEBF /* AllDone01UITests.xctest */ = {isa = PBXFileReference; explicitFileType = wrapper.cfbundle; includeInIndex = 0; path = AllDone01UITests.xctest; sourceTree = BUILT_PRODUCTS_DIR; };
		46BDF28A29BC63BE0028DEBF /* AllDone01UITests.swift */ = {isa = PBXFileReference; lastKnownFileType = sourcecode.swift; path = AllDone01UITests.swift; sourceTree = "<group>"; };
		46BDF28C29BC63BE0028DEBF /* AllDone01UITestsLaunchTests.swift */ = {isa = PBXFileReference; lastKnownFileType = sourcecode.swift; path = AllDone01UITestsLaunchTests.swift; sourceTree = "<group>"; };
		46BDF29C29BC74C00028DEBF /* LoginView.swift */ = {isa = PBXFileReference; lastKnownFileType = sourcecode.swift; path = LoginView.swift; sourceTree = "<group>"; };
		46BDF2A129BC75720028DEBF /* SignupView.swift */ = {isa = PBXFileReference; lastKnownFileType = sourcecode.swift; path = SignupView.swift; sourceTree = "<group>"; };
		46BDF2A329BC76FE0028DEBF /* BackgroundGradientView.swift */ = {isa = PBXFileReference; lastKnownFileType = sourcecode.swift; path = BackgroundGradientView.swift; sourceTree = "<group>"; };
		46BDF2A529BC79AC0028DEBF /* LogoView.swift */ = {isa = PBXFileReference; lastKnownFileType = sourcecode.swift; path = LogoView.swift; sourceTree = "<group>"; };
		46BDF2A729BC7DDE0028DEBF /* CustomTextField.swift */ = {isa = PBXFileReference; lastKnownFileType = sourcecode.swift; path = CustomTextField.swift; sourceTree = "<group>"; };
		46BDF2AC29BC84C30028DEBF /* EmailTextField.swift */ = {isa = PBXFileReference; lastKnownFileType = sourcecode.swift; path = EmailTextField.swift; sourceTree = "<group>"; };
		46BDF2AE29BC884D0028DEBF /* CustomSecureField.swift */ = {isa = PBXFileReference; lastKnownFileType = sourcecode.swift; path = CustomSecureField.swift; sourceTree = "<group>"; };
		46BDF2B029BC8DC90028DEBF /* PasswordSecureField.swift */ = {isa = PBXFileReference; lastKnownFileType = sourcecode.swift; path = PasswordSecureField.swift; sourceTree = "<group>"; };
		46BDF2B229BC93570028DEBF /* AuthenticateButtonView.swift */ = {isa = PBXFileReference; lastKnownFileType = sourcecode.swift; path = AuthenticateButtonView.swift; sourceTree = "<group>"; };
		46BDF2B429BC9AC60028DEBF /* UserTextField.swift */ = {isa = PBXFileReference; lastKnownFileType = sourcecode.swift; path = UserTextField.swift; sourceTree = "<group>"; };
		46BDF2B629BCB2450028DEBF /* GoogleService-Info.plist */ = {isa = PBXFileReference; fileEncoding = 4; lastKnownFileType = text.plist.xml; path = "GoogleService-Info.plist"; sourceTree = "<group>"; };
		46BDF2CA29BCC7600028DEBF /* Constants.swift */ = {isa = PBXFileReference; lastKnownFileType = sourcecode.swift; path = Constants.swift; sourceTree = "<group>"; };
		46BDF2CC29BCC88C0028DEBF /* AppUser.swift */ = {isa = PBXFileReference; lastKnownFileType = sourcecode.swift; path = AppUser.swift; sourceTree = "<group>"; };
		46BDF2CE29BCCAEE0028DEBF /* TODO.swift */ = {isa = PBXFileReference; lastKnownFileType = sourcecode.swift; path = TODO.swift; sourceTree = "<group>"; };
		46BDF2D029BCCC830028DEBF /* selectedButton.swift */ = {isa = PBXFileReference; lastKnownFileType = sourcecode.swift; path = selectedButton.swift; sourceTree = "<group>"; };
		46BDF2D529BCD0EA0028DEBF /* MockData.swift */ = {isa = PBXFileReference; lastKnownFileType = sourcecode.swift; path = MockData.swift; sourceTree = "<group>"; };
		46BDF2D729BCD29D0028DEBF /* AuthViewModel.swift */ = {isa = PBXFileReference; lastKnownFileType = sourcecode.swift; path = AuthViewModel.swift; sourceTree = "<group>"; };
		46BDF2D929BCDA2D0028DEBF /* DashboardView.swift */ = {isa = PBXFileReference; lastKnownFileType = sourcecode.swift; path = DashboardView.swift; sourceTree = "<group>"; };
		46BDF2DB29BEF53C0028DEBF /* TODOViewModel.swift */ = {isa = PBXFileReference; lastKnownFileType = sourcecode.swift; path = TODOViewModel.swift; sourceTree = "<group>"; };
		46BDF2DD29BEFE360028DEBF /* SearchBarView.swift */ = {isa = PBXFileReference; lastKnownFileType = sourcecode.swift; path = SearchBarView.swift; sourceTree = "<group>"; };
/* End PBXFileReference section */

/* Begin PBXFrameworksBuildPhase section */
		46BDF26929BC63BC0028DEBF /* Frameworks */ = {
			isa = PBXFrameworksBuildPhase;
			buildActionMask = 2147483647;
			files = (
				46BDF2C229BCBF0C0028DEBF /* FirebaseDatabase in Frameworks */,
				46BDF2C629BCBF0C0028DEBF /* FirebaseFunctions in Frameworks */,
				46BDF2BA29BCBF0C0028DEBF /* FirebaseAnalytics in Frameworks */,
				46BDF2C029BCBF0C0028DEBF /* FirebaseCrashlytics in Frameworks */,
				46BDF2BE29BCBF0C0028DEBF /* FirebaseAuth in Frameworks */,
				46BDF2C829BCBF0C0028DEBF /* FirebaseStorage in Frameworks */,
				46BDF2BC29BCBF0C0028DEBF /* FirebaseAnalyticsOnDeviceConversion in Frameworks */,
				46BDF2C429BCBF0C0028DEBF /* FirebaseFirestore in Frameworks */,
				46BDF2D429BCCF690028DEBF /* FirebaseFirestoreSwift in Frameworks */,
			);
			runOnlyForDeploymentPostprocessing = 0;
		};
		46BDF27929BC63BE0028DEBF /* Frameworks */ = {
			isa = PBXFrameworksBuildPhase;
			buildActionMask = 2147483647;
			files = (
			);
			runOnlyForDeploymentPostprocessing = 0;
		};
		46BDF28329BC63BE0028DEBF /* Frameworks */ = {
			isa = PBXFrameworksBuildPhase;
			buildActionMask = 2147483647;
			files = (
			);
			runOnlyForDeploymentPostprocessing = 0;
		};
/* End PBXFrameworksBuildPhase section */

/* Begin PBXGroup section */
		46BDF26329BC63BC0028DEBF = {
			isa = PBXGroup;
			children = (
				46BDF2B629BCB2450028DEBF /* GoogleService-Info.plist */,
				46BDF26E29BC63BC0028DEBF /* AllDone01 */,
				46BDF27F29BC63BE0028DEBF /* AllDone01Tests */,
				46BDF28929BC63BE0028DEBF /* AllDone01UITests */,
				46BDF26D29BC63BC0028DEBF /* Products */,
				46BDF2D229BCCF690028DEBF /* Frameworks */,
			);
			sourceTree = "<group>";
		};
		46BDF26D29BC63BC0028DEBF /* Products */ = {
			isa = PBXGroup;
			children = (
				46BDF26C29BC63BC0028DEBF /* AllDone01.app */,
				46BDF27C29BC63BE0028DEBF /* AllDone01Tests.xctest */,
				46BDF28629BC63BE0028DEBF /* AllDone01UITests.xctest */,
			);
			name = Products;
			sourceTree = "<group>";
		};
		46BDF26E29BC63BC0028DEBF /* AllDone01 */ = {
			isa = PBXGroup;
			children = (
				46BDF2C929BCC73A0028DEBF /* Utils */,
				46BDF29B29BC73F70028DEBF /* Model */,
				46BDF29929BC73D80028DEBF /* View */,
				46BDF29A29BC73E90028DEBF /* ViewModel */,
				46BDF26F29BC63BC0028DEBF /* AllDone01App.swift */,
				46BDF27129BC63BC0028DEBF /* ContentView.swift */,
				46BDF27329BC63BE0028DEBF /* Assets.xcassets */,
				46BDF27529BC63BE0028DEBF /* Preview Content */,
			);
			path = AllDone01;
			sourceTree = "<group>";
		};
		46BDF27529BC63BE0028DEBF /* Preview Content */ = {
			isa = PBXGroup;
			children = (
				46BDF27629BC63BE0028DEBF /* Preview Assets.xcassets */,
			);
			path = "Preview Content";
			sourceTree = "<group>";
		};
		46BDF27F29BC63BE0028DEBF /* AllDone01Tests */ = {
			isa = PBXGroup;
			children = (
				46BDF28029BC63BE0028DEBF /* AllDone01Tests.swift */,
			);
			path = AllDone01Tests;
			sourceTree = "<group>";
		};
		46BDF28929BC63BE0028DEBF /* AllDone01UITests */ = {
			isa = PBXGroup;
			children = (
				46BDF28A29BC63BE0028DEBF /* AllDone01UITests.swift */,
				46BDF28C29BC63BE0028DEBF /* AllDone01UITestsLaunchTests.swift */,
			);
			path = AllDone01UITests;
			sourceTree = "<group>";
		};
		46BDF29929BC73D80028DEBF /* View */ = {
			isa = PBXGroup;
			children = (
				46BDF29E29BC751A0028DEBF /* Utils */,
				46BDF2A029BC75490028DEBF /* Authentication */,
				46BDF2D929BCDA2D0028DEBF /* DashboardView.swift */,
			);
			path = View;
			sourceTree = "<group>";
		};
		46BDF29A29BC73E90028DEBF /* ViewModel */ = {
			isa = PBXGroup;
			children = (
				46BDF2D729BCD29D0028DEBF /* AuthViewModel.swift */,
				46BDF2DB29BEF53C0028DEBF /* TODOViewModel.swift */,
			);
			path = ViewModel;
			sourceTree = "<group>";
		};
		46BDF29B29BC73F70028DEBF /* Model */ = {
			isa = PBXGroup;
			children = (
				46BDF2CC29BCC88C0028DEBF /* AppUser.swift */,
				46BDF2CE29BCCAEE0028DEBF /* TODO.swift */,
				46BDF2D029BCCC830028DEBF /* selectedButton.swift */,
				46BDF2D529BCD0EA0028DEBF /* MockData.swift */,
			);
			path = Model;
			sourceTree = "<group>";
		};
		46BDF29E29BC751A0028DEBF /* Utils */ = {
			isa = PBXGroup;
			children = (
				46BDF2AB29BC84A50028DEBF /* TextFields */,
				46BDF2A329BC76FE0028DEBF /* BackgroundGradientView.swift */,
				46BDF2A529BC79AC0028DEBF /* LogoView.swift */,
				46BDF2B229BC93570028DEBF /* AuthenticateButtonView.swift */,
				46BDF2DD29BEFE360028DEBF /* SearchBarView.swift */,
			);
			path = Utils;
			sourceTree = "<group>";
		};
		46BDF2A029BC75490028DEBF /* Authentication */ = {
			isa = PBXGroup;
			children = (
				46BDF29C29BC74C00028DEBF /* LoginView.swift */,
				46BDF2A129BC75720028DEBF /* SignupView.swift */,
			);
			path = Authentication;
			sourceTree = "<group>";
		};
		46BDF2AB29BC84A50028DEBF /* TextFields */ = {
			isa = PBXGroup;
			children = (
				46BDF2A729BC7DDE0028DEBF /* CustomTextField.swift */,
				46BDF2AC29BC84C30028DEBF /* EmailTextField.swift */,
				46BDF2AE29BC884D0028DEBF /* CustomSecureField.swift */,
				46BDF2B029BC8DC90028DEBF /* PasswordSecureField.swift */,
				46BDF2B429BC9AC60028DEBF /* UserTextField.swift */,
			);
			path = TextFields;
			sourceTree = "<group>";
		};
		46BDF2C929BCC73A0028DEBF /* Utils */ = {
			isa = PBXGroup;
			children = (
				46BDF2CA29BCC7600028DEBF /* Constants.swift */,
			);
			path = Utils;
			sourceTree = "<group>";
		};
		46BDF2D229BCCF690028DEBF /* Frameworks */ = {
			isa = PBXGroup;
			children = (
			);
			name = Frameworks;
			sourceTree = "<group>";
		};
/* End PBXGroup section */

/* Begin PBXNativeTarget section */
		46BDF26B29BC63BC0028DEBF /* AllDone01 */ = {
			isa = PBXNativeTarget;
			buildConfigurationList = 46BDF29029BC63BE0028DEBF /* Build configuration list for PBXNativeTarget "AllDone01" */;
			buildPhases = (
				46BDF26829BC63BC0028DEBF /* Sources */,
				46BDF26929BC63BC0028DEBF /* Frameworks */,
				46BDF26A29BC63BC0028DEBF /* Resources */,
			);
			buildRules = (
			);
			dependencies = (
			);
			name = AllDone01;
			packageProductDependencies = (
				46BDF2B929BCBF0C0028DEBF /* FirebaseAnalytics */,
				46BDF2BB29BCBF0C0028DEBF /* FirebaseAnalyticsOnDeviceConversion */,
				46BDF2BD29BCBF0C0028DEBF /* FirebaseAuth */,
				46BDF2BF29BCBF0C0028DEBF /* FirebaseCrashlytics */,
				46BDF2C129BCBF0C0028DEBF /* FirebaseDatabase */,
				46BDF2C329BCBF0C0028DEBF /* FirebaseFirestore */,
				46BDF2C529BCBF0C0028DEBF /* FirebaseFunctions */,
				46BDF2C729BCBF0C0028DEBF /* FirebaseStorage */,
				46BDF2D329BCCF690028DEBF /* FirebaseFirestoreSwift */,
			);
			productName = AllDone01;
			productReference = 46BDF26C29BC63BC0028DEBF /* AllDone01.app */;
			productType = "com.apple.product-type.application";
		};
		46BDF27B29BC63BE0028DEBF /* AllDone01Tests */ = {
			isa = PBXNativeTarget;
			buildConfigurationList = 46BDF29329BC63BE0028DEBF /* Build configuration list for PBXNativeTarget "AllDone01Tests" */;
			buildPhases = (
				46BDF27829BC63BE0028DEBF /* Sources */,
				46BDF27929BC63BE0028DEBF /* Frameworks */,
				46BDF27A29BC63BE0028DEBF /* Resources */,
			);
			buildRules = (
			);
			dependencies = (
				46BDF27E29BC63BE0028DEBF /* PBXTargetDependency */,
			);
			name = AllDone01Tests;
			productName = AllDone01Tests;
			productReference = 46BDF27C29BC63BE0028DEBF /* AllDone01Tests.xctest */;
			productType = "com.apple.product-type.bundle.unit-test";
		};
		46BDF28529BC63BE0028DEBF /* AllDone01UITests */ = {
			isa = PBXNativeTarget;
			buildConfigurationList = 46BDF29629BC63BE0028DEBF /* Build configuration list for PBXNativeTarget "AllDone01UITests" */;
			buildPhases = (
				46BDF28229BC63BE0028DEBF /* Sources */,
				46BDF28329BC63BE0028DEBF /* Frameworks */,
				46BDF28429BC63BE0028DEBF /* Resources */,
			);
			buildRules = (
			);
			dependencies = (
				46BDF28829BC63BE0028DEBF /* PBXTargetDependency */,
			);
			name = AllDone01UITests;
			productName = AllDone01UITests;
			productReference = 46BDF28629BC63BE0028DEBF /* AllDone01UITests.xctest */;
			productType = "com.apple.product-type.bundle.ui-testing";
		};
/* End PBXNativeTarget section */

/* Begin PBXProject section */
		46BDF26429BC63BC0028DEBF /* Project object */ = {
			isa = PBXProject;
			attributes = {
				BuildIndependentTargetsInParallel = 1;
				LastSwiftUpdateCheck = 1420;
				LastUpgradeCheck = 1420;
				TargetAttributes = {
					46BDF26B29BC63BC0028DEBF = {
						CreatedOnToolsVersion = 14.2;
					};
					46BDF27B29BC63BE0028DEBF = {
						CreatedOnToolsVersion = 14.2;
						TestTargetID = 46BDF26B29BC63BC0028DEBF;
					};
					46BDF28529BC63BE0028DEBF = {
						CreatedOnToolsVersion = 14.2;
						TestTargetID = 46BDF26B29BC63BC0028DEBF;
					};
				};
			};
			buildConfigurationList = 46BDF26729BC63BC0028DEBF /* Build configuration list for PBXProject "AllDone01" */;
			compatibilityVersion = "Xcode 14.0";
			developmentRegion = en;
			hasScannedForEncodings = 0;
			knownRegions = (
				en,
				Base,
			);
			mainGroup = 46BDF26329BC63BC0028DEBF;
			packageReferences = (
				46BDF2B829BCBF0C0028DEBF /* XCRemoteSwiftPackageReference "firebase-ios-sdk" */,
			);
			productRefGroup = 46BDF26D29BC63BC0028DEBF /* Products */;
			projectDirPath = "";
			projectRoot = "";
			targets = (
				46BDF26B29BC63BC0028DEBF /* AllDone01 */,
				46BDF27B29BC63BE0028DEBF /* AllDone01Tests */,
				46BDF28529BC63BE0028DEBF /* AllDone01UITests */,
			);
		};
/* End PBXProject section */

/* Begin PBXResourcesBuildPhase section */
		46BDF26A29BC63BC0028DEBF /* Resources */ = {
			isa = PBXResourcesBuildPhase;
			buildActionMask = 2147483647;
			files = (
				46BDF27729BC63BE0028DEBF /* Preview Assets.xcassets in Resources */,
				46BDF27429BC63BE0028DEBF /* Assets.xcassets in Resources */,
				46BDF2B729BCB2460028DEBF /* GoogleService-Info.plist in Resources */,
			);
			runOnlyForDeploymentPostprocessing = 0;
		};
		46BDF27A29BC63BE0028DEBF /* Resources */ = {
			isa = PBXResourcesBuildPhase;
			buildActionMask = 2147483647;
			files = (
			);
			runOnlyForDeploymentPostprocessing = 0;
		};
		46BDF28429BC63BE0028DEBF /* Resources */ = {
			isa = PBXResourcesBuildPhase;
			buildActionMask = 2147483647;
			files = (
			);
			runOnlyForDeploymentPostprocessing = 0;
		};
/* End PBXResourcesBuildPhase section */

/* Begin PBXSourcesBuildPhase section */
		46BDF26829BC63BC0028DEBF /* Sources */ = {
			isa = PBXSourcesBuildPhase;
			buildActionMask = 2147483647;
			files = (
				46BDF2CD29BCC88C0028DEBF /* AppUser.swift in Sources */,
				46BDF2AD29BC84C30028DEBF /* EmailTextField.swift in Sources */,
				46BDF2A829BC7DDE0028DEBF /* CustomTextField.swift in Sources */,
				46BDF2D629BCD0EB0028DEBF /* MockData.swift in Sources */,
				46BDF2B529BC9AC60028DEBF /* UserTextField.swift in Sources */,
				46BDF2D129BCCC840028DEBF /* selectedButton.swift in Sources */,
				46BDF2A229BC75720028DEBF /* SignupView.swift in Sources */,
				46BDF2CF29BCCAEE0028DEBF /* TODO.swift in Sources */,
				46BDF2DA29BCDA2D0028DEBF /* DashboardView.swift in Sources */,
				46BDF2D829BCD29D0028DEBF /* AuthViewModel.swift in Sources */,
				46BDF2DE29BEFE360028DEBF /* SearchBarView.swift in Sources */,
				46BDF2A629BC79AC0028DEBF /* LogoView.swift in Sources */,
				46BDF2B129BC8DC90028DEBF /* PasswordSecureField.swift in Sources */,
				46BDF29D29BC74C00028DEBF /* LoginView.swift in Sources */,
				46BDF2CB29BCC7600028DEBF /* Constants.swift in Sources */,
				46BDF2B329BC93570028DEBF /* AuthenticateButtonView.swift in Sources */,
				46BDF27229BC63BC0028DEBF /* ContentView.swift in Sources */,
				46BDF2DC29BEF53C0028DEBF /* TODOViewModel.swift in Sources */,
				46BDF2A429BC76FE0028DEBF /* BackgroundGradientView.swift in Sources */,
				46BDF2AF29BC884D0028DEBF /* CustomSecureField.swift in Sources */,
				46BDF27029BC63BC0028DEBF /* AllDone01App.swift in Sources */,
			);
			runOnlyForDeploymentPostprocessing = 0;
		};
		46BDF27829BC63BE0028DEBF /* Sources */ = {
			isa = PBXSourcesBuildPhase;
			buildActionMask = 2147483647;
			files = (
				46BDF28129BC63BE0028DEBF /* AllDone01Tests.swift in Sources */,
			);
			runOnlyForDeploymentPostprocessing = 0;
		};
		46BDF28229BC63BE0028DEBF /* Sources */ = {
			isa = PBXSourcesBuildPhase;
			buildActionMask = 2147483647;
			files = (
				46BDF28B29BC63BE0028DEBF /* AllDone01UITests.swift in Sources */,
				46BDF28D29BC63BE0028DEBF /* AllDone01UITestsLaunchTests.swift in Sources */,
			);
			runOnlyForDeploymentPostprocessing = 0;
		};
/* End PBXSourcesBuildPhase section */

/* Begin PBXTargetDependency section */
		46BDF27E29BC63BE0028DEBF /* PBXTargetDependency */ = {
			isa = PBXTargetDependency;
			target = 46BDF26B29BC63BC0028DEBF /* AllDone01 */;
			targetProxy = 46BDF27D29BC63BE0028DEBF /* PBXContainerItemProxy */;
		};
		46BDF28829BC63BE0028DEBF /* PBXTargetDependency */ = {
			isa = PBXTargetDependency;
			target = 46BDF26B29BC63BC0028DEBF /* AllDone01 */;
			targetProxy = 46BDF28729BC63BE0028DEBF /* PBXContainerItemProxy */;
		};
/* End PBXTargetDependency section */

/* Begin XCBuildConfiguration section */
		46BDF28E29BC63BE0028DEBF /* Debug */ = {
			isa = XCBuildConfiguration;
			buildSettings = {
				ALWAYS_SEARCH_USER_PATHS = NO;
				CLANG_ANALYZER_NONNULL = YES;
				CLANG_ANALYZER_NUMBER_OBJECT_CONVERSION = YES_AGGRESSIVE;
				CLANG_CXX_LANGUAGE_STANDARD = "gnu++20";
				CLANG_ENABLE_MODULES = YES;
				CLANG_ENABLE_OBJC_ARC = YES;
				CLANG_ENABLE_OBJC_WEAK = YES;
				CLANG_WARN_BLOCK_CAPTURE_AUTORELEASING = YES;
				CLANG_WARN_BOOL_CONVERSION = YES;
				CLANG_WARN_COMMA = YES;
				CLANG_WARN_CONSTANT_CONVERSION = YES;
				CLANG_WARN_DEPRECATED_OBJC_IMPLEMENTATIONS = YES;
				CLANG_WARN_DIRECT_OBJC_ISA_USAGE = YES_ERROR;
				CLANG_WARN_DOCUMENTATION_COMMENTS = YES;
				CLANG_WARN_EMPTY_BODY = YES;
				CLANG_WARN_ENUM_CONVERSION = YES;
				CLANG_WARN_INFINITE_RECURSION = YES;
				CLANG_WARN_INT_CONVERSION = YES;
				CLANG_WARN_NON_LITERAL_NULL_CONVERSION = YES;
				CLANG_WARN_OBJC_IMPLICIT_RETAIN_SELF = YES;
				CLANG_WARN_OBJC_LITERAL_CONVERSION = YES;
				CLANG_WARN_OBJC_ROOT_CLASS = YES_ERROR;
				CLANG_WARN_QUOTED_INCLUDE_IN_FRAMEWORK_HEADER = YES;
				CLANG_WARN_RANGE_LOOP_ANALYSIS = YES;
				CLANG_WARN_STRICT_PROTOTYPES = YES;
				CLANG_WARN_SUSPICIOUS_MOVE = YES;
				CLANG_WARN_UNGUARDED_AVAILABILITY = YES_AGGRESSIVE;
				CLANG_WARN_UNREACHABLE_CODE = YES;
				CLANG_WARN__DUPLICATE_METHOD_MATCH = YES;
				COPY_PHASE_STRIP = NO;
				DEBUG_INFORMATION_FORMAT = dwarf;
				ENABLE_STRICT_OBJC_MSGSEND = YES;
				ENABLE_TESTABILITY = YES;
				GCC_C_LANGUAGE_STANDARD = gnu11;
				GCC_DYNAMIC_NO_PIC = NO;
				GCC_NO_COMMON_BLOCKS = YES;
				GCC_OPTIMIZATION_LEVEL = 0;
				GCC_PREPROCESSOR_DEFINITIONS = (
					"DEBUG=1",
					"$(inherited)",
				);
				GCC_WARN_64_TO_32_BIT_CONVERSION = YES;
				GCC_WARN_ABOUT_RETURN_TYPE = YES_ERROR;
				GCC_WARN_UNDECLARED_SELECTOR = YES;
				GCC_WARN_UNINITIALIZED_AUTOS = YES_AGGRESSIVE;
				GCC_WARN_UNUSED_FUNCTION = YES;
				GCC_WARN_UNUSED_VARIABLE = YES;
				IPHONEOS_DEPLOYMENT_TARGET = 16.2;
				MTL_ENABLE_DEBUG_INFO = INCLUDE_SOURCE;
				MTL_FAST_MATH = YES;
				ONLY_ACTIVE_ARCH = YES;
				SDKROOT = iphoneos;
				SWIFT_ACTIVE_COMPILATION_CONDITIONS = DEBUG;
				SWIFT_OPTIMIZATION_LEVEL = "-Onone";
			};
			name = Debug;
		};
		46BDF28F29BC63BE0028DEBF /* Release */ = {
			isa = XCBuildConfiguration;
			buildSettings = {
				ALWAYS_SEARCH_USER_PATHS = NO;
				CLANG_ANALYZER_NONNULL = YES;
				CLANG_ANALYZER_NUMBER_OBJECT_CONVERSION = YES_AGGRESSIVE;
				CLANG_CXX_LANGUAGE_STANDARD = "gnu++20";
				CLANG_ENABLE_MODULES = YES;
				CLANG_ENABLE_OBJC_ARC = YES;
				CLANG_ENABLE_OBJC_WEAK = YES;
				CLANG_WARN_BLOCK_CAPTURE_AUTORELEASING = YES;
				CLANG_WARN_BOOL_CONVERSION = YES;
				CLANG_WARN_COMMA = YES;
				CLANG_WARN_CONSTANT_CONVERSION = YES;
				CLANG_WARN_DEPRECATED_OBJC_IMPLEMENTATIONS = YES;
				CLANG_WARN_DIRECT_OBJC_ISA_USAGE = YES_ERROR;
				CLANG_WARN_DOCUMENTATION_COMMENTS = YES;
				CLANG_WARN_EMPTY_BODY = YES;
				CLANG_WARN_ENUM_CONVERSION = YES;
				CLANG_WARN_INFINITE_RECURSION = YES;
				CLANG_WARN_INT_CONVERSION = YES;
				CLANG_WARN_NON_LITERAL_NULL_CONVERSION = YES;
				CLANG_WARN_OBJC_IMPLICIT_RETAIN_SELF = YES;
				CLANG_WARN_OBJC_LITERAL_CONVERSION = YES;
				CLANG_WARN_OBJC_ROOT_CLASS = YES_ERROR;
				CLANG_WARN_QUOTED_INCLUDE_IN_FRAMEWORK_HEADER = YES;
				CLANG_WARN_RANGE_LOOP_ANALYSIS = YES;
				CLANG_WARN_STRICT_PROTOTYPES = YES;
				CLANG_WARN_SUSPICIOUS_MOVE = YES;
				CLANG_WARN_UNGUARDED_AVAILABILITY = YES_AGGRESSIVE;
				CLANG_WARN_UNREACHABLE_CODE = YES;
				CLANG_WARN__DUPLICATE_METHOD_MATCH = YES;
				COPY_PHASE_STRIP = NO;
				DEBUG_INFORMATION_FORMAT = "dwarf-with-dsym";
				ENABLE_NS_ASSERTIONS = NO;
				ENABLE_STRICT_OBJC_MSGSEND = YES;
				GCC_C_LANGUAGE_STANDARD = gnu11;
				GCC_NO_COMMON_BLOCKS = YES;
				GCC_WARN_64_TO_32_BIT_CONVERSION = YES;
				GCC_WARN_ABOUT_RETURN_TYPE = YES_ERROR;
				GCC_WARN_UNDECLARED_SELECTOR = YES;
				GCC_WARN_UNINITIALIZED_AUTOS = YES_AGGRESSIVE;
				GCC_WARN_UNUSED_FUNCTION = YES;
				GCC_WARN_UNUSED_VARIABLE = YES;
				IPHONEOS_DEPLOYMENT_TARGET = 16.2;
				MTL_ENABLE_DEBUG_INFO = NO;
				MTL_FAST_MATH = YES;
				SDKROOT = iphoneos;
				SWIFT_COMPILATION_MODE = wholemodule;
				SWIFT_OPTIMIZATION_LEVEL = "-O";
				VALIDATE_PRODUCT = YES;
			};
			name = Release;
		};
		46BDF29129BC63BE0028DEBF /* Debug */ = {
			isa = XCBuildConfiguration;
			buildSettings = {
				ASSETCATALOG_COMPILER_APPICON_NAME = AppIcon;
				ASSETCATALOG_COMPILER_GLOBAL_ACCENT_COLOR_NAME = AccentColor;
				CODE_SIGN_STYLE = Automatic;
				CURRENT_PROJECT_VERSION = 1;
				DEVELOPMENT_ASSET_PATHS = "\"AllDone01/Preview Content\"";
				DEVELOPMENT_TEAM = S85M9S24SM;
				ENABLE_PREVIEWS = YES;
				GENERATE_INFOPLIST_FILE = YES;
				INFOPLIST_KEY_UIApplicationSceneManifest_Generation = YES;
				INFOPLIST_KEY_UIApplicationSupportsIndirectInputEvents = YES;
				INFOPLIST_KEY_UILaunchScreen_Generation = YES;
				INFOPLIST_KEY_UISupportedInterfaceOrientations_iPad = "UIInterfaceOrientationPortrait UIInterfaceOrientationPortraitUpsideDown UIInterfaceOrientationLandscapeLeft UIInterfaceOrientationLandscapeRight";
				INFOPLIST_KEY_UISupportedInterfaceOrientations_iPhone = "UIInterfaceOrientationPortrait UIInterfaceOrientationLandscapeLeft UIInterfaceOrientationLandscapeRight";
				LD_RUNPATH_SEARCH_PATHS = (
					"$(inherited)",
					"@executable_path/Frameworks",
				);
				MARKETING_VERSION = 1.0;
				PRODUCT_BUNDLE_IDENTIFIER = com.omion.AllDone01;
				PRODUCT_NAME = "$(TARGET_NAME)";
				SWIFT_EMIT_LOC_STRINGS = YES;
				SWIFT_VERSION = 5.0;
				TARGETED_DEVICE_FAMILY = "1,2";
			};
			name = Debug;
		};
		46BDF29229BC63BE0028DEBF /* Release */ = {
			isa = XCBuildConfiguration;
			buildSettings = {
				ASSETCATALOG_COMPILER_APPICON_NAME = AppIcon;
				ASSETCATALOG_COMPILER_GLOBAL_ACCENT_COLOR_NAME = AccentColor;
				CODE_SIGN_STYLE = Automatic;
				CURRENT_PROJECT_VERSION = 1;
				DEVELOPMENT_ASSET_PATHS = "\"AllDone01/Preview Content\"";
				DEVELOPMENT_TEAM = S85M9S24SM;
				ENABLE_PREVIEWS = YES;
				GENERATE_INFOPLIST_FILE = YES;
				INFOPLIST_KEY_UIApplicationSceneManifest_Generation = YES;
				INFOPLIST_KEY_UIApplicationSupportsIndirectInputEvents = YES;
				INFOPLIST_KEY_UILaunchScreen_Generation = YES;
				INFOPLIST_KEY_UISupportedInterfaceOrientations_iPad = "UIInterfaceOrientationPortrait UIInterfaceOrientationPortraitUpsideDown UIInterfaceOrientationLandscapeLeft UIInterfaceOrientationLandscapeRight";
				INFOPLIST_KEY_UISupportedInterfaceOrientations_iPhone = "UIInterfaceOrientationPortrait UIInterfaceOrientationLandscapeLeft UIInterfaceOrientationLandscapeRight";
				LD_RUNPATH_SEARCH_PATHS = (
					"$(inherited)",
					"@executable_path/Frameworks",
				);
				MARKETING_VERSION = 1.0;
				PRODUCT_BUNDLE_IDENTIFIER = com.omion.AllDone01;
				PRODUCT_NAME = "$(TARGET_NAME)";
				SWIFT_EMIT_LOC_STRINGS = YES;
				SWIFT_VERSION = 5.0;
				TARGETED_DEVICE_FAMILY = "1,2";
			};
			name = Release;
		};
		46BDF29429BC63BE0028DEBF /* Debug */ = {
			isa = XCBuildConfiguration;
			buildSettings = {
				ALWAYS_EMBED_SWIFT_STANDARD_LIBRARIES = YES;
				BUNDLE_LOADER = "$(TEST_HOST)";
				CODE_SIGN_STYLE = Automatic;
				CURRENT_PROJECT_VERSION = 1;
				DEVELOPMENT_TEAM = S85M9S24SM;
				GENERATE_INFOPLIST_FILE = YES;
				IPHONEOS_DEPLOYMENT_TARGET = 16.2;
				MARKETING_VERSION = 1.0;
				PRODUCT_BUNDLE_IDENTIFIER = com.omion.AllDone01Tests;
				PRODUCT_NAME = "$(TARGET_NAME)";
				SWIFT_EMIT_LOC_STRINGS = NO;
				SWIFT_VERSION = 5.0;
				TARGETED_DEVICE_FAMILY = "1,2";
				TEST_HOST = "$(BUILT_PRODUCTS_DIR)/AllDone01.app/$(BUNDLE_EXECUTABLE_FOLDER_PATH)/AllDone01";
			};
			name = Debug;
		};
		46BDF29529BC63BE0028DEBF /* Release */ = {
			isa = XCBuildConfiguration;
			buildSettings = {
				ALWAYS_EMBED_SWIFT_STANDARD_LIBRARIES = YES;
				BUNDLE_LOADER = "$(TEST_HOST)";
				CODE_SIGN_STYLE = Automatic;
				CURRENT_PROJECT_VERSION = 1;
				DEVELOPMENT_TEAM = S85M9S24SM;
				GENERATE_INFOPLIST_FILE = YES;
				IPHONEOS_DEPLOYMENT_TARGET = 16.2;
				MARKETING_VERSION = 1.0;
				PRODUCT_BUNDLE_IDENTIFIER = com.omion.AllDone01Tests;
				PRODUCT_NAME = "$(TARGET_NAME)";
				SWIFT_EMIT_LOC_STRINGS = NO;
				SWIFT_VERSION = 5.0;
				TARGETED_DEVICE_FAMILY = "1,2";
				TEST_HOST = "$(BUILT_PRODUCTS_DIR)/AllDone01.app/$(BUNDLE_EXECUTABLE_FOLDER_PATH)/AllDone01";
			};
			name = Release;
		};
		46BDF29729BC63BE0028DEBF /* Debug */ = {
			isa = XCBuildConfiguration;
			buildSettings = {
				ALWAYS_EMBED_SWIFT_STANDARD_LIBRARIES = YES;
				CODE_SIGN_STYLE = Automatic;
				CURRENT_PROJECT_VERSION = 1;
				DEVELOPMENT_TEAM = S85M9S24SM;
				GENERATE_INFOPLIST_FILE = YES;
				MARKETING_VERSION = 1.0;
				PRODUCT_BUNDLE_IDENTIFIER = com.omion.AllDone01UITests;
				PRODUCT_NAME = "$(TARGET_NAME)";
				SWIFT_EMIT_LOC_STRINGS = NO;
				SWIFT_VERSION = 5.0;
				TARGETED_DEVICE_FAMILY = "1,2";
				TEST_TARGET_NAME = AllDone01;
			};
			name = Debug;
		};
		46BDF29829BC63BE0028DEBF /* Release */ = {
			isa = XCBuildConfiguration;
			buildSettings = {
				ALWAYS_EMBED_SWIFT_STANDARD_LIBRARIES = YES;
				CODE_SIGN_STYLE = Automatic;
				CURRENT_PROJECT_VERSION = 1;
				DEVELOPMENT_TEAM = S85M9S24SM;
				GENERATE_INFOPLIST_FILE = YES;
				MARKETING_VERSION = 1.0;
				PRODUCT_BUNDLE_IDENTIFIER = com.omion.AllDone01UITests;
				PRODUCT_NAME = "$(TARGET_NAME)";
				SWIFT_EMIT_LOC_STRINGS = NO;
				SWIFT_VERSION = 5.0;
				TARGETED_DEVICE_FAMILY = "1,2";
				TEST_TARGET_NAME = AllDone01;
			};
			name = Release;
		};
/* End XCBuildConfiguration section */

/* Begin XCConfigurationList section */
		46BDF26729BC63BC0028DEBF /* Build configuration list for PBXProject "AllDone01" */ = {
			isa = XCConfigurationList;
			buildConfigurations = (
				46BDF28E29BC63BE0028DEBF /* Debug */,
				46BDF28F29BC63BE0028DEBF /* Release */,
			);
			defaultConfigurationIsVisible = 0;
			defaultConfigurationName = Release;
		};
		46BDF29029BC63BE0028DEBF /* Build configuration list for PBXNativeTarget "AllDone01" */ = {
			isa = XCConfigurationList;
			buildConfigurations = (
				46BDF29129BC63BE0028DEBF /* Debug */,
				46BDF29229BC63BE0028DEBF /* Release */,
			);
			defaultConfigurationIsVisible = 0;
			defaultConfigurationName = Release;
		};
		46BDF29329BC63BE0028DEBF /* Build configuration list for PBXNativeTarget "AllDone01Tests" */ = {
			isa = XCConfigurationList;
			buildConfigurations = (
				46BDF29429BC63BE0028DEBF /* Debug */,
				46BDF29529BC63BE0028DEBF /* Release */,
			);
			defaultConfigurationIsVisible = 0;
			defaultConfigurationName = Release;
		};
		46BDF29629BC63BE0028DEBF /* Build configuration list for PBXNativeTarget "AllDone01UITests" */ = {
			isa = XCConfigurationList;
			buildConfigurations = (
				46BDF29729BC63BE0028DEBF /* Debug */,
				46BDF29829BC63BE0028DEBF /* Release */,
			);
			defaultConfigurationIsVisible = 0;
			defaultConfigurationName = Release;
		};
/* End XCConfigurationList section */

/* Begin XCRemoteSwiftPackageReference section */
		46BDF2B829BCBF0C0028DEBF /* XCRemoteSwiftPackageReference "firebase-ios-sdk" */ = {
			isa = XCRemoteSwiftPackageReference;
			repositoryURL = "https://github.com/firebase/firebase-ios-sdk";
			requirement = {
				kind = upToNextMajorVersion;
				minimumVersion = 9.0.0;
			};
		};
/* End XCRemoteSwiftPackageReference section */

/* Begin XCSwiftPackageProductDependency section */
		46BDF2B929BCBF0C0028DEBF /* FirebaseAnalytics */ = {
			isa = XCSwiftPackageProductDependency;
			package = 46BDF2B829BCBF0C0028DEBF /* XCRemoteSwiftPackageReference "firebase-ios-sdk" */;
			productName = FirebaseAnalytics;
		};
		46BDF2BB29BCBF0C0028DEBF /* FirebaseAnalyticsOnDeviceConversion */ = {
			isa = XCSwiftPackageProductDependency;
			package = 46BDF2B829BCBF0C0028DEBF /* XCRemoteSwiftPackageReference "firebase-ios-sdk" */;
			productName = FirebaseAnalyticsOnDeviceConversion;
		};
		46BDF2BD29BCBF0C0028DEBF /* FirebaseAuth */ = {
			isa = XCSwiftPackageProductDependency;
			package = 46BDF2B829BCBF0C0028DEBF /* XCRemoteSwiftPackageReference "firebase-ios-sdk" */;
			productName = FirebaseAuth;
		};
		46BDF2BF29BCBF0C0028DEBF /* FirebaseCrashlytics */ = {
			isa = XCSwiftPackageProductDependency;
			package = 46BDF2B829BCBF0C0028DEBF /* XCRemoteSwiftPackageReference "firebase-ios-sdk" */;
			productName = FirebaseCrashlytics;
		};
		46BDF2C129BCBF0C0028DEBF /* FirebaseDatabase */ = {
			isa = XCSwiftPackageProductDependency;
			package = 46BDF2B829BCBF0C0028DEBF /* XCRemoteSwiftPackageReference "firebase-ios-sdk" */;
			productName = FirebaseDatabase;
		};
		46BDF2C329BCBF0C0028DEBF /* FirebaseFirestore */ = {
			isa = XCSwiftPackageProductDependency;
			package = 46BDF2B829BCBF0C0028DEBF /* XCRemoteSwiftPackageReference "firebase-ios-sdk" */;
			productName = FirebaseFirestore;
		};
		46BDF2C529BCBF0C0028DEBF /* FirebaseFunctions */ = {
			isa = XCSwiftPackageProductDependency;
			package = 46BDF2B829BCBF0C0028DEBF /* XCRemoteSwiftPackageReference "firebase-ios-sdk" */;
			productName = FirebaseFunctions;
		};
		46BDF2C729BCBF0C0028DEBF /* FirebaseStorage */ = {
			isa = XCSwiftPackageProductDependency;
			package = 46BDF2B829BCBF0C0028DEBF /* XCRemoteSwiftPackageReference "firebase-ios-sdk" */;
			productName = FirebaseStorage;
		};
		46BDF2D329BCCF690028DEBF /* FirebaseFirestoreSwift */ = {
			isa = XCSwiftPackageProductDependency;
			package = 46BDF2B829BCBF0C0028DEBF /* XCRemoteSwiftPackageReference "firebase-ios-sdk" */;
			productName = FirebaseFirestoreSwift;
		};
/* End XCSwiftPackageProductDependency section */
	};
	rootObject = 46BDF26429BC63BC0028DEBF /* Project object */;
}
